// !$*UTF8*$!
{
	archiveVersion = 1;
	classes = {
	};
	objectVersion = 50;
	objects = {

/* Begin PBXBuildFile section */
		96D7500A215AB0810083DEE4 /* OpenGL.framework in Frameworks */ = {isa = PBXBuildFile; fileRef = 96D75009215AB0810083DEE4 /* OpenGL.framework */; };
		96D7500C215AB10B0083DEE4 /* libGLEW.2.1.0.dylib in Frameworks */ = {isa = PBXBuildFile; fileRef = 96D7500B215AB10B0083DEE4 /* libGLEW.2.1.0.dylib */; };
		96D7500E215AB1560083DEE4 /* libglfw.3.2.dylib in Frameworks */ = {isa = PBXBuildFile; fileRef = 96D7500D215AB1560083DEE4 /* libglfw.3.2.dylib */; };
		96D7501F215AB7280083DEE4 /* main.cpp in Sources */ = {isa = PBXBuildFile; fileRef = 96D7501E215AB7280083DEE4 /* main.cpp */; };
		96DFA317215ABB6800B03535 /* RenderEngine.cpp in Sources */ = {isa = PBXBuildFile; fileRef = 96DFA30D215ABB6700B03535 /* RenderEngine.cpp */; };
		96DFA318215ABB6800B03535 /* Program.cpp in Sources */ = {isa = PBXBuildFile; fileRef = 96DFA30F215ABB6800B03535 /* Program.cpp */; };
		96DFA319215ABB6800B03535 /* InputHandler.cpp in Sources */ = {isa = PBXBuildFile; fileRef = 96DFA310215ABB6800B03535 /* InputHandler.cpp */; };
		96DFA31A215ABB6800B03535 /* ShaderTools.cpp in Sources */ = {isa = PBXBuildFile; fileRef = 96DFA314215ABB6800B03535 /* ShaderTools.cpp */; };
		96DFA31B215ABB6800B03535 /* Geometry.cpp in Sources */ = {isa = PBXBuildFile; fileRef = 96DFA315215ABB6800B03535 /* Geometry.cpp */; };
/* End PBXBuildFile section */

/* Begin PBXCopyFilesBuildPhase section */
		96D74FFC215AAD6C0083DEE4 /* CopyFiles */ = {
			isa = PBXCopyFilesBuildPhase;
			buildActionMask = 2147483647;
			dstPath = /usr/share/man/man1/;
			dstSubfolderSpec = 0;
			files = (
			);
			runOnlyForDeploymentPostprocessing = 1;
		};
/* End PBXCopyFilesBuildPhase section */

/* Begin PBXFileReference section */
		96D74FFE215AAD6C0083DEE4 /* 589a1 */ = {isa = PBXFileReference; explicitFileType = "compiled.mach-o.executable"; includeInIndex = 0; path = 589a1; sourceTree = BUILT_PRODUCTS_DIR; };
		96D75009215AB0810083DEE4 /* OpenGL.framework */ = {isa = PBXFileReference; lastKnownFileType = wrapper.framework; name = OpenGL.framework; path = System/Library/Frameworks/OpenGL.framework; sourceTree = SDKROOT; };
		96D7500B215AB10B0083DEE4 /* libGLEW.2.1.0.dylib */ = {isa = PBXFileReference; lastKnownFileType = "compiled.mach-o.dylib"; name = libGLEW.2.1.0.dylib; path = ../../../../../../usr/local/lib/libGLEW.2.1.0.dylib; sourceTree = "<group>"; };
		96D7500D215AB1560083DEE4 /* libglfw.3.2.dylib */ = {isa = PBXFileReference; lastKnownFileType = "compiled.mach-o.dylib"; name = libglfw.3.2.dylib; path = ../../../../../../usr/local/Cellar/glfw/3.2.1/lib/libglfw.3.2.dylib; sourceTree = "<group>"; };
		96D7501E215AB7280083DEE4 /* main.cpp */ = {isa = PBXFileReference; fileEncoding = 4; lastKnownFileType = sourcecode.cpp.cpp; name = main.cpp; path = ../../../../main.cpp; sourceTree = "<group>"; };
		96DFA30D215ABB6700B03535 /* RenderEngine.cpp */ = {isa = PBXFileReference; fileEncoding = 4; lastKnownFileType = sourcecode.cpp.cpp; name = RenderEngine.cpp; path = "../../../../../Downloads/boilerplate-updated/src/RenderEngine.cpp"; sourceTree = "<group>"; };
		96DFA30E215ABB6800B03535 /* RenderEngine.h */ = {isa = PBXFileReference; fileEncoding = 4; lastKnownFileType = sourcecode.c.h; name = RenderEngine.h; path = "../../../../../Downloads/boilerplate-updated/src/RenderEngine.h"; sourceTree = "<group>"; };
		96DFA30F215ABB6800B03535 /* Program.cpp */ = {isa = PBXFileReference; fileEncoding = 4; lastKnownFileType = sourcecode.cpp.cpp; name = Program.cpp; path = "../../../../../Downloads/boilerplate-updated/src/Program.cpp"; sourceTree = "<group>"; };
		96DFA310215ABB6800B03535 /* InputHandler.cpp */ = {isa = PBXFileReference; fileEncoding = 4; lastKnownFileType = sourcecode.cpp.cpp; name = InputHandler.cpp; path = "../../../../../Downloads/boilerplate-updated/src/InputHandler.cpp"; sourceTree = "<group>"; };
		96DFA311215ABB6800B03535 /* Program.h */ = {isa = PBXFileReference; fileEncoding = 4; lastKnownFileType = sourcecode.c.h; name = Program.h; path = "../../../../../Downloads/boilerplate-updated/src/Program.h"; sourceTree = "<group>"; };
		96DFA312215ABB6800B03535 /* InputHandler.h */ = {isa = PBXFileReference; fileEncoding = 4; lastKnownFileType = sourcecode.c.h; name = InputHandler.h; path = "../../../../../Downloads/boilerplate-updated/src/InputHandler.h"; sourceTree = "<group>"; };
		96DFA313215ABB6800B03535 /* ShaderTools.h */ = {isa = PBXFileReference; fileEncoding = 4; lastKnownFileType = sourcecode.c.h; name = ShaderTools.h; path = "../../../../../Downloads/boilerplate-updated/src/ShaderTools.h"; sourceTree = "<group>"; };
		96DFA314215ABB6800B03535 /* ShaderTools.cpp */ = {isa = PBXFileReference; fileEncoding = 4; lastKnownFileType = sourcecode.cpp.cpp; name = ShaderTools.cpp; path = "../../../../../Downloads/boilerplate-updated/src/ShaderTools.cpp"; sourceTree = "<group>"; };
		96DFA315215ABB6800B03535 /* Geometry.cpp */ = {isa = PBXFileReference; fileEncoding = 4; lastKnownFileType = sourcecode.cpp.cpp; name = Geometry.cpp; path = "../../../../../Downloads/boilerplate-updated/src/Geometry.cpp"; sourceTree = "<group>"; };
		96DFA316215ABB6800B03535 /* Geometry.h */ = {isa = PBXFileReference; fileEncoding = 4; lastKnownFileType = sourcecode.c.h; name = Geometry.h; path = "../../../../../Downloads/boilerplate-updated/src/Geometry.h"; sourceTree = "<group>"; };
		96DFA326215AC16B00B03535 /* frags.frag */ = {isa = PBXFileReference; fileEncoding = 4; lastKnownFileType = sourcecode.glsl; name = frags.frag; path = "../../../../../Downloads/boilerplate-updated-2/shaders/frags.frag"; sourceTree = "<group>"; };
		96DFA327215AC16B00B03535 /* verts.vert */ = {isa = PBXFileReference; fileEncoding = 4; lastKnownFileType = sourcecode.glsl; name = verts.vert; path = "../../../../../Downloads/boilerplate-updated-2/shaders/verts.vert"; sourceTree = "<group>"; };
/* End PBXFileReference section */

/* Begin PBXFrameworksBuildPhase section */
		96D74FFB215AAD6C0083DEE4 /* Frameworks */ = {
			isa = PBXFrameworksBuildPhase;
			buildActionMask = 2147483647;
			files = (
				96D7500E215AB1560083DEE4 /* libglfw.3.2.dylib in Frameworks */,
				96D7500C215AB10B0083DEE4 /* libGLEW.2.1.0.dylib in Frameworks */,
				96D7500A215AB0810083DEE4 /* OpenGL.framework in Frameworks */,
			);
			runOnlyForDeploymentPostprocessing = 0;
		};
/* End PBXFrameworksBuildPhase section */

/* Begin PBXGroup section */
		96D74FF5215AAD6C0083DEE4 = {
			isa = PBXGroup;
			children = (
				96D75000215AAD6C0083DEE4 /* 589a1 */,
				96D74FFF215AAD6C0083DEE4 /* Products */,
				96D75008215AB0810083DEE4 /* Frameworks */,
			);
			sourceTree = "<group>";
		};
		96D74FFF215AAD6C0083DEE4 /* Products */ = {
			isa = PBXGroup;
			children = (
				96D74FFE215AAD6C0083DEE4 /* 589a1 */,
			);
			name = Products;
			sourceTree = "<group>";
		};
		96D75000215AAD6C0083DEE4 /* 589a1 */ = {
			isa = PBXGroup;
			children = (
				96DFA326215AC16B00B03535 /* frags.frag */,
				96DFA327215AC16B00B03535 /* verts.vert */,
				96DFA315215ABB6800B03535 /* Geometry.cpp */,
				96DFA316215ABB6800B03535 /* Geometry.h */,
				96DFA310215ABB6800B03535 /* InputHandler.cpp */,
				96DFA312215ABB6800B03535 /* InputHandler.h */,
				96DFA30F215ABB6800B03535 /* Program.cpp */,
				96DFA311215ABB6800B03535 /* Program.h */,
				96DFA30D215ABB6700B03535 /* RenderEngine.cpp */,
				96DFA30E215ABB6800B03535 /* RenderEngine.h */,
				96DFA314215ABB6800B03535 /* ShaderTools.cpp */,
				96DFA313215ABB6800B03535 /* ShaderTools.h */,
				96D7501E215AB7280083DEE4 /* main.cpp */,
			);
			path = 589a1;
			sourceTree = "<group>";
		};
		96D75008215AB0810083DEE4 /* Frameworks */ = {
			isa = PBXGroup;
			children = (
				96D7500D215AB1560083DEE4 /* libglfw.3.2.dylib */,
				96D7500B215AB10B0083DEE4 /* libGLEW.2.1.0.dylib */,
				96D75009215AB0810083DEE4 /* OpenGL.framework */,
			);
			name = Frameworks;
			sourceTree = "<group>";
		};
/* End PBXGroup section */

/* Begin PBXNativeTarget section */
		96D74FFD215AAD6C0083DEE4 /* 589a1 */ = {
			isa = PBXNativeTarget;
			buildConfigurationList = 96D75005215AAD6C0083DEE4 /* Build configuration list for PBXNativeTarget "589a1" */;
			buildPhases = (
				96D74FFA215AAD6C0083DEE4 /* Sources */,
				96D74FFB215AAD6C0083DEE4 /* Frameworks */,
				96D74FFC215AAD6C0083DEE4 /* CopyFiles */,
			);
			buildRules = (
			);
			dependencies = (
			);
			name = 589a1;
			productName = 589a1;
			productReference = 96D74FFE215AAD6C0083DEE4 /* 589a1 */;
			productType = "com.apple.product-type.tool";
		};
/* End PBXNativeTarget section */

/* Begin PBXProject section */
		96D74FF6215AAD6C0083DEE4 /* Project object */ = {
			isa = PBXProject;
			attributes = {
				LastUpgradeCheck = 0940;
				ORGANIZATIONNAME = jason;
				TargetAttributes = {
					96D74FFD215AAD6C0083DEE4 = {
						CreatedOnToolsVersion = 9.4;
					};
				};
			};
			buildConfigurationList = 96D74FF9215AAD6C0083DEE4 /* Build configuration list for PBXProject "589a1" */;
			compatibilityVersion = "Xcode 9.3";
			developmentRegion = en;
			hasScannedForEncodings = 0;
			knownRegions = (
				en,
			);
			mainGroup = 96D74FF5215AAD6C0083DEE4;
			productRefGroup = 96D74FFF215AAD6C0083DEE4 /* Products */;
			projectDirPath = "";
			projectRoot = "";
			targets = (
				96D74FFD215AAD6C0083DEE4 /* 589a1 */,
			);
		};
/* End PBXProject section */

/* Begin PBXSourcesBuildPhase section */
		96D74FFA215AAD6C0083DEE4 /* Sources */ = {
			isa = PBXSourcesBuildPhase;
			buildActionMask = 2147483647;
			files = (
				96DFA31A215ABB6800B03535 /* ShaderTools.cpp in Sources */,
				96DFA31B215ABB6800B03535 /* Geometry.cpp in Sources */,
				96DFA318215ABB6800B03535 /* Program.cpp in Sources */,
				96D7501F215AB7280083DEE4 /* main.cpp in Sources */,
				96DFA317215ABB6800B03535 /* RenderEngine.cpp in Sources */,
				96DFA319215ABB6800B03535 /* InputHandler.cpp in Sources */,
			);
			runOnlyForDeploymentPostprocessing = 0;
		};
/* End PBXSourcesBuildPhase section */

/* Begin XCBuildConfiguration section */
		96D75003215AAD6C0083DEE4 /* Debug */ = {
			isa = XCBuildConfiguration;
			buildSettings = {
				ALWAYS_SEARCH_USER_PATHS = NO;
				CLANG_ANALYZER_NONNULL = YES;
				CLANG_ANALYZER_NUMBER_OBJECT_CONVERSION = YES_AGGRESSIVE;
				CLANG_CXX_LANGUAGE_STANDARD = "gnu++14";
				CLANG_CXX_LIBRARY = "libc++";
				CLANG_ENABLE_MODULES = YES;
				CLANG_ENABLE_OBJC_ARC = YES;
				CLANG_ENABLE_OBJC_WEAK = YES;
				CLANG_WARN_BLOCK_CAPTURE_AUTORELEASING = YES;
				CLANG_WARN_BOOL_CONVERSION = YES;
				CLANG_WARN_COMMA = YES;
				CLANG_WARN_CONSTANT_CONVERSION = YES;
				CLANG_WARN_DEPRECATED_OBJC_IMPLEMENTATIONS = YES;
				CLANG_WARN_DIRECT_OBJC_ISA_USAGE = YES_ERROR;
				CLANG_WARN_DOCUMENTATION_COMMENTS = YES;
				CLANG_WARN_EMPTY_BODY = YES;
				CLANG_WARN_ENUM_CONVERSION = YES;
				CLANG_WARN_INFINITE_RECURSION = YES;
				CLANG_WARN_INT_CONVERSION = YES;
				CLANG_WARN_NON_LITERAL_NULL_CONVERSION = YES;
				CLANG_WARN_OBJC_IMPLICIT_RETAIN_SELF = YES;
				CLANG_WARN_OBJC_LITERAL_CONVERSION = YES;
				CLANG_WARN_OBJC_ROOT_CLASS = YES_ERROR;
				CLANG_WARN_RANGE_LOOP_ANALYSIS = YES;
				CLANG_WARN_STRICT_PROTOTYPES = YES;
				CLANG_WARN_SUSPICIOUS_MOVE = YES;
				CLANG_WARN_UNGUARDED_AVAILABILITY = YES_AGGRESSIVE;
				CLANG_WARN_UNREACHABLE_CODE = YES;
				CLANG_WARN__DUPLICATE_METHOD_MATCH = YES;
				CODE_SIGN_IDENTITY = "Mac Developer";
				COPY_PHASE_STRIP = NO;
				DEBUG_INFORMATION_FORMAT = dwarf;
				ENABLE_STRICT_OBJC_MSGSEND = YES;
				ENABLE_TESTABILITY = YES;
				GCC_C_LANGUAGE_STANDARD = gnu11;
				GCC_DYNAMIC_NO_PIC = NO;
				GCC_NO_COMMON_BLOCKS = YES;
				GCC_OPTIMIZATION_LEVEL = 0;
				GCC_PREPROCESSOR_DEFINITIONS = (
					"DEBUG=1",
					"$(inherited)",
				);
				GCC_WARN_64_TO_32_BIT_CONVERSION = YES;
				GCC_WARN_ABOUT_RETURN_TYPE = YES_ERROR;
				GCC_WARN_UNDECLARED_SELECTOR = YES;
				GCC_WARN_UNINITIALIZED_AUTOS = YES_AGGRESSIVE;
				GCC_WARN_UNUSED_FUNCTION = YES;
				GCC_WARN_UNUSED_VARIABLE = YES;
				MACOSX_DEPLOYMENT_TARGET = 10.13;
				MTL_ENABLE_DEBUG_INFO = YES;
				ONLY_ACTIVE_ARCH = YES;
				SDKROOT = macosx;
			};
			name = Debug;
		};
		96D75004215AAD6C0083DEE4 /* Release */ = {
			isa = XCBuildConfiguration;
			buildSettings = {
				ALWAYS_SEARCH_USER_PATHS = NO;
				CLANG_ANALYZER_NONNULL = YES;
				CLANG_ANALYZER_NUMBER_OBJECT_CONVERSION = YES_AGGRESSIVE;
				CLANG_CXX_LANGUAGE_STANDARD = "gnu++14";
				CLANG_CXX_LIBRARY = "libc++";
				CLANG_ENABLE_MODULES = YES;
				CLANG_ENABLE_OBJC_ARC = YES;
				CLANG_ENABLE_OBJC_WEAK = YES;
				CLANG_WARN_BLOCK_CAPTURE_AUTORELEASING = YES;
				CLANG_WARN_BOOL_CONVERSION = YES;
				CLANG_WARN_COMMA = YES;
				CLANG_WARN_CONSTANT_CONVERSION = YES;
				CLANG_WARN_DEPRECATED_OBJC_IMPLEMENTATIONS = YES;
				CLANG_WARN_DIRECT_OBJC_ISA_USAGE = YES_ERROR;
				CLANG_WARN_DOCUMENTATION_COMMENTS = YES;
				CLANG_WARN_EMPTY_BODY = YES;
				CLANG_WARN_ENUM_CONVERSION = YES;
				CLANG_WARN_INFINITE_RECURSION = YES;
				CLANG_WARN_INT_CONVERSION = YES;
				CLANG_WARN_NON_LITERAL_NULL_CONVERSION = YES;
				CLANG_WARN_OBJC_IMPLICIT_RETAIN_SELF = YES;
				CLANG_WARN_OBJC_LITERAL_CONVERSION = YES;
				CLANG_WARN_OBJC_ROOT_CLASS = YES_ERROR;
				CLANG_WARN_RANGE_LOOP_ANALYSIS = YES;
				CLANG_WARN_STRICT_PROTOTYPES = YES;
				CLANG_WARN_SUSPICIOUS_MOVE = YES;
				CLANG_WARN_UNGUARDED_AVAILABILITY = YES_AGGRESSIVE;
				CLANG_WARN_UNREACHABLE_CODE = YES;
				CLANG_WARN__DUPLICATE_METHOD_MATCH = YES;
				CODE_SIGN_IDENTITY = "Mac Developer";
				COPY_PHASE_STRIP = NO;
				DEBUG_INFORMATION_FORMAT = "dwarf-with-dsym";
				ENABLE_NS_ASSERTIONS = NO;
				ENABLE_STRICT_OBJC_MSGSEND = YES;
				GCC_C_LANGUAGE_STANDARD = gnu11;
				GCC_NO_COMMON_BLOCKS = YES;
				GCC_WARN_64_TO_32_BIT_CONVERSION = YES;
				GCC_WARN_ABOUT_RETURN_TYPE = YES_ERROR;
				GCC_WARN_UNDECLARED_SELECTOR = YES;
				GCC_WARN_UNINITIALIZED_AUTOS = YES_AGGRESSIVE;
				GCC_WARN_UNUSED_FUNCTION = YES;
				GCC_WARN_UNUSED_VARIABLE = YES;
				MACOSX_DEPLOYMENT_TARGET = 10.13;
				MTL_ENABLE_DEBUG_INFO = NO;
				SDKROOT = macosx;
			};
			name = Release;
		};
		96D75006215AAD6C0083DEE4 /* Debug */ = {
			isa = XCBuildConfiguration;
			buildSettings = {
				CODE_SIGN_STYLE = Automatic;
				DEVELOPMENT_TEAM = 4W86P24743;
				GCC_NO_COMMON_BLOCKS = NO;
				HEADER_SEARCH_PATHS = (
					/opt/local/include,
					/usr/local/include,
					"$SOURCE_ROOT/**",
				);
				LIBRARY_SEARCH_PATHS = (
					"$(inherited)",
					/usr/local/Cellar/glfw/3.2.1/lib,
					/opt/local/lib,
					/usr/local/lib,
				);
				OTHER_LDFLAGS = "-lGLEW";
				PRODUCT_NAME = "$(TARGET_NAME)";
			};
			name = Debug;
		};
		96D75007215AAD6C0083DEE4 /* Release */ = {
			isa = XCBuildConfiguration;
			buildSettings = {
				CODE_SIGN_STYLE = Automatic;
				DEVELOPMENT_TEAM = 4W86P24743;
				GCC_NO_COMMON_BLOCKS = NO;
				HEADER_SEARCH_PATHS = (
					/opt/local/include,
					/usr/local/include,
					"$SOURCE_ROOT/**",
				);
				LIBRARY_SEARCH_PATHS = (
					"$(inherited)",
					/usr/local/Cellar/glfw/3.2.1/lib,
					/opt/local/lib,
					/usr/local/lib,
				);
				OTHER_LDFLAGS = "-lGLEW";
				PRODUCT_NAME = "$(TARGET_NAME)";
			};
			name = Release;
		};
/* End XCBuildConfiguration section */

/* Begin XCConfigurationList section */
		96D74FF9215AAD6C0083DEE4 /* Build configuration list for PBXProject "589a1" */ = {
			isa = XCConfigurationList;
			buildConfigurations = (
				96D75003215AAD6C0083DEE4 /* Debug */,
				96D75004215AAD6C0083DEE4 /* Release */,
			);
			defaultConfigurationIsVisible = 0;
			defaultConfigurationName = Release;
		};
		96D75005215AAD6C0083DEE4 /* Build configuration list for PBXNativeTarget "589a1" */ = {
			isa = XCConfigurationList;
			buildConfigurations = (
				96D75006215AAD6C0083DEE4 /* Debug */,
				96D75007215AAD6C0083DEE4 /* Release */,
			);
			defaultConfigurationIsVisible = 0;
			defaultConfigurationName = Release;
		};
/* End XCConfigurationList section */
	};
	rootObject = 96D74FF6215AAD6C0083DEE4 /* Project object */;
}
